
Microsoft Visual Studio Solution File, Format Version 12.00
# Visual Studio Version 16
VisualStudioVersion = 16.0.29709.97
MinimumVisualStudioVersion = 10.0.40219.1
Project("{2150E333-8FDC-42A3-9474-1A3956D46DE8}") = "Microservices", "Microservices", "{1CC4236D-F53C-4C0E-84E3-B2463DFFFEAD}"
EndProject
Project("{2150E333-8FDC-42A3-9474-1A3956D46DE8}") = "Domains", "Domains", "{38CF0D08-6731-4429-AE77-225448813F77}"
EndProject
Project("{2150E333-8FDC-42A3-9474-1A3956D46DE8}") = "Infra.Bus", "Infra.Bus", "{ACC5794F-BF9B-4070-A0AE-A788D93F30B5}"
EndProject
Project("{2150E333-8FDC-42A3-9474-1A3956D46DE8}") = "Infra IoC", "Infra IoC", "{308DBF8A-362D-4FA5-BCB1-9C9AAC18925C}"
EndProject
Project("{2150E333-8FDC-42A3-9474-1A3956D46DE8}") = "Presentation", "Presentation", "{BBB36BAA-D7FB-4DF3-B600-6DEA66AFF8D9}"
EndProject
Project("{9A19103F-16F7-4668-BE54-9A1E7A4F7556}") = "MicroRabbit.Domain.Core", "MicroRabbit.Domain.Core\MicroRabbit.Domain.Core.csproj", "{245D709C-F864-4259-8D04-EACF7A88D519}"
EndProject
Project("{9A19103F-16F7-4668-BE54-9A1E7A4F7556}") = "MicroRabbit.infra.Bus", "MicroRabbit.infra.Bus\MicroRabbit.infra.Bus.csproj", "{12C3BF4D-55A2-4EB4-96D4-44F7523C6072}"
EndProject
Global
	GlobalSection(SolutionConfigurationPlatforms) = preSolution
		Debug|Any CPU = Debug|Any CPU
		Release|Any CPU = Release|Any CPU
	EndGlobalSection
	GlobalSection(ProjectConfigurationPlatforms) = postSolution
		{245D709C-F864-4259-8D04-EACF7A88D519}.Debug|Any CPU.ActiveCfg = Debug|Any CPU
		{245D709C-F864-4259-8D04-EACF7A88D519}.Debug|Any CPU.Build.0 = Debug|Any CPU
		{245D709C-F864-4259-8D04-EACF7A88D519}.Release|Any CPU.ActiveCfg = Release|Any CPU
		{245D709C-F864-4259-8D04-EACF7A88D519}.Release|Any CPU.Build.0 = Release|Any CPU
		{12C3BF4D-55A2-4EB4-96D4-44F7523C6072}.Debug|Any CPU.ActiveCfg = Debug|Any CPU
		{12C3BF4D-55A2-4EB4-96D4-44F7523C6072}.Debug|Any CPU.Build.0 = Debug|Any CPU
		{12C3BF4D-55A2-4EB4-96D4-44F7523C6072}.Release|Any CPU.ActiveCfg = Release|Any CPU
		{12C3BF4D-55A2-4EB4-96D4-44F7523C6072}.Release|Any CPU.Build.0 = Release|Any CPU
	EndGlobalSection
	GlobalSection(SolutionProperties) = preSolution
		HideSolutionNode = FALSE
	EndGlobalSection
	GlobalSection(NestedProjects) = preSolution
		{245D709C-F864-4259-8D04-EACF7A88D519} = {38CF0D08-6731-4429-AE77-225448813F77}
		{12C3BF4D-55A2-4EB4-96D4-44F7523C6072} = {ACC5794F-BF9B-4070-A0AE-A788D93F30B5}
	EndGlobalSection
	GlobalSection(ExtensibilityGlobals) = postSolution
		SolutionGuid = {2DE93E69-9E93-4EEA-A9A5-EC87ED7D39BA}
	EndGlobalSection
EndGlobal
