
Microsoft Visual Studio Solution File, Format Version 12.00
# Visual Studio Version 16
VisualStudioVersion = 16.0.29709.97
MinimumVisualStudioVersion = 10.0.40219.1
Project("{2150E333-8FDC-42A3-9474-1A3956D46DE8}") = "Microservices", "Microservices", "{1CC4236D-F53C-4C0E-84E3-B2463DFFFEAD}"
EndProject
Project("{2150E333-8FDC-42A3-9474-1A3956D46DE8}") = "Domains", "Domains", "{38CF0D08-6731-4429-AE77-225448813F77}"
EndProject
Project("{2150E333-8FDC-42A3-9474-1A3956D46DE8}") = "Infra.Bus", "Infra.Bus", "{ACC5794F-BF9B-4070-A0AE-A788D93F30B5}"
EndProject
Project("{2150E333-8FDC-42A3-9474-1A3956D46DE8}") = "Infra IoC", "Infra IoC", "{308DBF8A-362D-4FA5-BCB1-9C9AAC18925C}"
EndProject
Project("{2150E333-8FDC-42A3-9474-1A3956D46DE8}") = "Presentation", "Presentation", "{BBB36BAA-D7FB-4DF3-B600-6DEA66AFF8D9}"
EndProject
Project("{9A19103F-16F7-4668-BE54-9A1E7A4F7556}") = "MicroRabbit.Domain.Core", "MicroRabbit.Domain.Core\MicroRabbit.Domain.Core.csproj", "{245D709C-F864-4259-8D04-EACF7A88D519}"
EndProject
Project("{9A19103F-16F7-4668-BE54-9A1E7A4F7556}") = "MicroRabbit.infra.Bus", "MicroRabbit.infra.Bus\MicroRabbit.infra.Bus.csproj", "{12C3BF4D-55A2-4EB4-96D4-44F7523C6072}"
EndProject
Project("{9A19103F-16F7-4668-BE54-9A1E7A4F7556}") = "MicroRabbit.Infra.IoC", "MicroRabbit.Infra.IoC\MicroRabbit.Infra.IoC.csproj", "{F49E30C5-B9C8-4ACF-B9B1-63645998A8E0}"
EndProject
Project("{2150E333-8FDC-42A3-9474-1A3956D46DE8}") = "Banking", "Banking", "{421E913E-48E7-459C-A49E-C73C12D6B752}"
EndProject
Project("{2150E333-8FDC-42A3-9474-1A3956D46DE8}") = "API", "API", "{287D3D8F-F2E9-432B-8624-0E451615F4E2}"
EndProject
Project("{2150E333-8FDC-42A3-9474-1A3956D46DE8}") = "Domain", "Domain", "{A5170AC7-C17F-42AB-8AE0-029D2411183F}"
EndProject
Project("{2150E333-8FDC-42A3-9474-1A3956D46DE8}") = "Application", "Application", "{485A0334-6698-48DF-BADA-364D86128F32}"
EndProject
Project("{2150E333-8FDC-42A3-9474-1A3956D46DE8}") = "Data", "Data", "{78FE68C8-749F-45E0-A7A6-37DD95BF5E0E}"
EndProject
Project("{9A19103F-16F7-4668-BE54-9A1E7A4F7556}") = "MicroRabbit.Banking.Application", "MicroRabbit.Banking.Application\MicroRabbit.Banking.Application.csproj", "{8F31686D-4E26-4D47-863C-8CBBA81725CE}"
EndProject
Project("{9A19103F-16F7-4668-BE54-9A1E7A4F7556}") = "MicroRabbit.Banking.Data", "MicroRabbit.Banking.Data\MicroRabbit.Banking.Data.csproj", "{D875411D-3DB8-46AF-B259-1387E8A17C1A}"
EndProject
Project("{9A19103F-16F7-4668-BE54-9A1E7A4F7556}") = "MicroRabbit.Banking.Domain", "MicroRabbit.Banking.Domain\MicroRabbit.Banking.Domain.csproj", "{F69206BB-9421-4B73-A774-FF729294987C}"
EndProject
Project("{FAE04EC0-301F-11D3-BF4B-00C04F79EFBC}") = "MicroRabbit.Banking.API", "MicroRabbit.Banking.API\MicroRabbit.Banking.API.csproj", "{833FC256-0DB6-4D12-85FB-2842B773DF65}"
EndProject
Global
	GlobalSection(SolutionConfigurationPlatforms) = preSolution
		Debug|Any CPU = Debug|Any CPU
		Release|Any CPU = Release|Any CPU
	EndGlobalSection
	GlobalSection(ProjectConfigurationPlatforms) = postSolution
		{245D709C-F864-4259-8D04-EACF7A88D519}.Debug|Any CPU.ActiveCfg = Debug|Any CPU
		{245D709C-F864-4259-8D04-EACF7A88D519}.Debug|Any CPU.Build.0 = Debug|Any CPU
		{245D709C-F864-4259-8D04-EACF7A88D519}.Release|Any CPU.ActiveCfg = Release|Any CPU
		{245D709C-F864-4259-8D04-EACF7A88D519}.Release|Any CPU.Build.0 = Release|Any CPU
		{12C3BF4D-55A2-4EB4-96D4-44F7523C6072}.Debug|Any CPU.ActiveCfg = Debug|Any CPU
		{12C3BF4D-55A2-4EB4-96D4-44F7523C6072}.Debug|Any CPU.Build.0 = Debug|Any CPU
		{12C3BF4D-55A2-4EB4-96D4-44F7523C6072}.Release|Any CPU.ActiveCfg = Release|Any CPU
		{12C3BF4D-55A2-4EB4-96D4-44F7523C6072}.Release|Any CPU.Build.0 = Release|Any CPU
		{F49E30C5-B9C8-4ACF-B9B1-63645998A8E0}.Debug|Any CPU.ActiveCfg = Debug|Any CPU
		{F49E30C5-B9C8-4ACF-B9B1-63645998A8E0}.Debug|Any CPU.Build.0 = Debug|Any CPU
		{F49E30C5-B9C8-4ACF-B9B1-63645998A8E0}.Release|Any CPU.ActiveCfg = Release|Any CPU
		{F49E30C5-B9C8-4ACF-B9B1-63645998A8E0}.Release|Any CPU.Build.0 = Release|Any CPU
		{8F31686D-4E26-4D47-863C-8CBBA81725CE}.Debug|Any CPU.ActiveCfg = Debug|Any CPU
		{8F31686D-4E26-4D47-863C-8CBBA81725CE}.Debug|Any CPU.Build.0 = Debug|Any CPU
		{8F31686D-4E26-4D47-863C-8CBBA81725CE}.Release|Any CPU.ActiveCfg = Release|Any CPU
		{8F31686D-4E26-4D47-863C-8CBBA81725CE}.Release|Any CPU.Build.0 = Release|Any CPU
		{D875411D-3DB8-46AF-B259-1387E8A17C1A}.Debug|Any CPU.ActiveCfg = Debug|Any CPU
		{D875411D-3DB8-46AF-B259-1387E8A17C1A}.Debug|Any CPU.Build.0 = Debug|Any CPU
		{D875411D-3DB8-46AF-B259-1387E8A17C1A}.Release|Any CPU.ActiveCfg = Release|Any CPU
		{D875411D-3DB8-46AF-B259-1387E8A17C1A}.Release|Any CPU.Build.0 = Release|Any CPU
		{F69206BB-9421-4B73-A774-FF729294987C}.Debug|Any CPU.ActiveCfg = Debug|Any CPU
		{F69206BB-9421-4B73-A774-FF729294987C}.Debug|Any CPU.Build.0 = Debug|Any CPU
		{F69206BB-9421-4B73-A774-FF729294987C}.Release|Any CPU.ActiveCfg = Release|Any CPU
		{F69206BB-9421-4B73-A774-FF729294987C}.Release|Any CPU.Build.0 = Release|Any CPU
		{833FC256-0DB6-4D12-85FB-2842B773DF65}.Debug|Any CPU.ActiveCfg = Debug|Any CPU
		{833FC256-0DB6-4D12-85FB-2842B773DF65}.Debug|Any CPU.Build.0 = Debug|Any CPU
		{833FC256-0DB6-4D12-85FB-2842B773DF65}.Release|Any CPU.ActiveCfg = Release|Any CPU
		{833FC256-0DB6-4D12-85FB-2842B773DF65}.Release|Any CPU.Build.0 = Release|Any CPU
	EndGlobalSection
	GlobalSection(SolutionProperties) = preSolution
		HideSolutionNode = FALSE
	EndGlobalSection
	GlobalSection(NestedProjects) = preSolution
		{245D709C-F864-4259-8D04-EACF7A88D519} = {38CF0D08-6731-4429-AE77-225448813F77}
		{12C3BF4D-55A2-4EB4-96D4-44F7523C6072} = {ACC5794F-BF9B-4070-A0AE-A788D93F30B5}
		{F49E30C5-B9C8-4ACF-B9B1-63645998A8E0} = {308DBF8A-362D-4FA5-BCB1-9C9AAC18925C}
		{421E913E-48E7-459C-A49E-C73C12D6B752} = {1CC4236D-F53C-4C0E-84E3-B2463DFFFEAD}
		{287D3D8F-F2E9-432B-8624-0E451615F4E2} = {421E913E-48E7-459C-A49E-C73C12D6B752}
		{A5170AC7-C17F-42AB-8AE0-029D2411183F} = {421E913E-48E7-459C-A49E-C73C12D6B752}
		{485A0334-6698-48DF-BADA-364D86128F32} = {421E913E-48E7-459C-A49E-C73C12D6B752}
		{78FE68C8-749F-45E0-A7A6-37DD95BF5E0E} = {421E913E-48E7-459C-A49E-C73C12D6B752}
		{8F31686D-4E26-4D47-863C-8CBBA81725CE} = {485A0334-6698-48DF-BADA-364D86128F32}
		{D875411D-3DB8-46AF-B259-1387E8A17C1A} = {78FE68C8-749F-45E0-A7A6-37DD95BF5E0E}
		{F69206BB-9421-4B73-A774-FF729294987C} = {A5170AC7-C17F-42AB-8AE0-029D2411183F}
		{833FC256-0DB6-4D12-85FB-2842B773DF65} = {287D3D8F-F2E9-432B-8624-0E451615F4E2}
	EndGlobalSection
	GlobalSection(ExtensibilityGlobals) = postSolution
		SolutionGuid = {2DE93E69-9E93-4EEA-A9A5-EC87ED7D39BA}
	EndGlobalSection
EndGlobal
